version = 1
requires-python = ">=3.10"

[[package]]
name = "jinja2"
version = "3.1.5"
source = { registry = "https://pypi.org/simple" }
dependencies = [
    { name = "markupsafe" },
]
sdist = { url = "https://files.pythonhosted.org/packages/af/92/b3130cbbf5591acf9ade8708c365f3238046ac7cb8ccba6e81abccb0ccff/jinja2-3.1.5.tar.gz", hash = "sha256:8fefff8dc3034e27bb80d67c671eb8a9bc424c0ef4c0826edbff304cceff43bb", size = 244674 }
wheels = [
    { url = "https://files.pythonhosted.org/packages/bd/0f/2ba5fbcd631e3e88689309dbe978c5769e883e4b84ebfe7da30b43275c5a/jinja2-3.1.5-py3-none-any.whl", hash = "sha256:aba0f4dc9ed8013c424088f68a5c226f7d6097ed89b246d7749c2ec4175c6adb", size = 134596 },
]

[[package]]
name = "markupsafe"
version = "3.0.2"
source = { registry = "https://pypi.org/simple" }
sdist = { url = "https://files.pythonhosted.org/packages/b2/97/5d42485e71dfc078108a86d6de8fa46db44a1a9295e89c5d6d4a06e23a62/markupsafe-3.0.2.tar.gz", hash = "sha256:ee55d3edf80167e48ea11a923c7386f4669df67d7994554387f84e7d8b0a2bf0", size = 20537 }
wheels = [
    { url = "https://files.pythonhosted.org/packages/04/90/d08277ce111dd22f77149fd1a5d4653eeb3b3eaacbdfcbae5afb2600eebd/MarkupSafe-3.0.2-cp310-cp310-macosx_10_9_universal2.whl", hash = "sha256:7e94c425039cde14257288fd61dcfb01963e658efbc0ff54f5306b06054700f8", size = 14357 },
    { url = "https://files.pythonhosted.org/packages/04/e1/6e2194baeae0bca1fae6629dc0cbbb968d4d941469cbab11a3872edff374/MarkupSafe-3.0.2-cp310-cp310-macosx_11_0_arm64.whl", hash = "sha256:9e2d922824181480953426608b81967de705c3cef4d1af983af849d7bd619158", size = 12393 },
    { url = "https://files.pythonhosted.org/packages/1d/69/35fa85a8ece0a437493dc61ce0bb6d459dcba482c34197e3efc829aa357f/MarkupSafe-3.0.2-cp310-cp310-manylinux_2_17_aarch64.manylinux2014_aarch64.whl", hash = "sha256:38a9ef736c01fccdd6600705b09dc574584b89bea478200c5fbf112a6b0d5579", size = 21732 },
    { url = "https://files.pythonhosted.org/packages/22/35/137da042dfb4720b638d2937c38a9c2df83fe32d20e8c8f3185dbfef05f7/MarkupSafe-3.0.2-cp310-cp310-manylinux_2_17_x86_64.manylinux2014_x86_64.whl", hash = "sha256:bbcb445fa71794da8f178f0f6d66789a28d7319071af7a496d4d507ed566270d", size = 20866 },
    { url = "https://files.pythonhosted.org/packages/29/28/6d029a903727a1b62edb51863232152fd335d602def598dade38996887f0/MarkupSafe-3.0.2-cp310-cp310-manylinux_2_5_i686.manylinux1_i686.manylinux_2_17_i686.manylinux2014_i686.whl", hash = "sha256:57cb5a3cf367aeb1d316576250f65edec5bb3be939e9247ae594b4bcbc317dfb", size = 20964 },
    { url = "https://files.pythonhosted.org/packages/cc/cd/07438f95f83e8bc028279909d9c9bd39e24149b0d60053a97b2bc4f8aa51/MarkupSafe-3.0.2-cp310-cp310-musllinux_1_2_aarch64.whl", hash = "sha256:3809ede931876f5b2ec92eef964286840ed3540dadf803dd570c3b7e13141a3b", size = 21977 },
    { url = "https://files.pythonhosted.org/packages/29/01/84b57395b4cc062f9c4c55ce0df7d3108ca32397299d9df00fedd9117d3d/MarkupSafe-3.0.2-cp310-cp310-musllinux_1_2_i686.whl", hash = "sha256:e07c3764494e3776c602c1e78e298937c3315ccc9043ead7e685b7f2b8d47b3c", size = 21366 },
    { url = "https://files.pythonhosted.org/packages/bd/6e/61ebf08d8940553afff20d1fb1ba7294b6f8d279df9fd0c0db911b4bbcfd/MarkupSafe-3.0.2-cp310-cp310-musllinux_1_2_x86_64.whl", hash = "sha256:b424c77b206d63d500bcb69fa55ed8d0e6a3774056bdc4839fc9298a7edca171", size = 21091 },
    { url = "https://files.pythonhosted.org/packages/11/23/ffbf53694e8c94ebd1e7e491de185124277964344733c45481f32ede2499/MarkupSafe-3.0.2-cp310-cp310-win32.whl", hash = "sha256:fcabf5ff6eea076f859677f5f0b6b5c1a51e70a376b0579e0eadef8db48c6b50", size = 15065 },
    { url = "https://files.pythonhosted.org/packages/44/06/e7175d06dd6e9172d4a69a72592cb3f7a996a9c396eee29082826449bbc3/MarkupSafe-3.0.2-cp310-cp310-win_amd64.whl", hash = "sha256:6af100e168aa82a50e186c82875a5893c5597a0c1ccdb0d8b40240b1f28b969a", size = 15514 },
    { url = "https://files.pythonhosted.org/packages/6b/28/bbf83e3f76936960b850435576dd5e67034e200469571be53f69174a2dfd/MarkupSafe-3.0.2-cp311-cp311-macosx_10_9_universal2.whl", hash = "sha256:9025b4018f3a1314059769c7bf15441064b2207cb3f065e6ea1e7359cb46db9d", size = 14353 },
    { url = "https://files.pythonhosted.org/packages/6c/30/316d194b093cde57d448a4c3209f22e3046c5bb2fb0820b118292b334be7/MarkupSafe-3.0.2-cp311-cp311-macosx_11_0_arm64.whl", hash = "sha256:93335ca3812df2f366e80509ae119189886b0f3c2b81325d39efdb84a1e2ae93", size = 12392 },
    { url = "https://files.pythonhosted.org/packages/f2/96/9cdafba8445d3a53cae530aaf83c38ec64c4d5427d975c974084af5bc5d2/MarkupSafe-3.0.2-cp311-cp311-manylinux_2_17_aarch64.manylinux2014_aarch64.whl", hash = "sha256:2cb8438c3cbb25e220c2ab33bb226559e7afb3baec11c4f218ffa7308603c832", size = 23984 },
    { url = "https://files.pythonhosted.org/packages/f1/a4/aefb044a2cd8d7334c8a47d3fb2c9f328ac48cb349468cc31c20b539305f/MarkupSafe-3.0.2-cp311-cp311-manylinux_2_17_x86_64.manylinux2014_x86_64.whl", hash = "sha256:a123e330ef0853c6e822384873bef7507557d8e4a082961e1defa947aa59ba84", size = 23120 },
    { url = "https://files.pythonhosted.org/packages/8d/21/5e4851379f88f3fad1de30361db501300d4f07bcad047d3cb0449fc51f8c/MarkupSafe-3.0.2-cp311-cp311-manylinux_2_5_i686.manylinux1_i686.manylinux_2_17_i686.manylinux2014_i686.whl", hash = "sha256:1e084f686b92e5b83186b07e8a17fc09e38fff551f3602b249881fec658d3eca", size = 23032 },
    { url = "https://files.pythonhosted.org/packages/00/7b/e92c64e079b2d0d7ddf69899c98842f3f9a60a1ae72657c89ce2655c999d/MarkupSafe-3.0.2-cp311-cp311-musllinux_1_2_aarch64.whl", hash = "sha256:d8213e09c917a951de9d09ecee036d5c7d36cb6cb7dbaece4c71a60d79fb9798", size = 24057 },
    { url = "https://files.pythonhosted.org/packages/f9/ac/46f960ca323037caa0a10662ef97d0a4728e890334fc156b9f9e52bcc4ca/MarkupSafe-3.0.2-cp311-cp311-musllinux_1_2_i686.whl", hash = "sha256:5b02fb34468b6aaa40dfc198d813a641e3a63b98c2b05a16b9f80b7ec314185e", size = 23359 },
    { url = "https://files.pythonhosted.org/packages/69/84/83439e16197337b8b14b6a5b9c2105fff81d42c2a7c5b58ac7b62ee2c3b1/MarkupSafe-3.0.2-cp311-cp311-musllinux_1_2_x86_64.whl", hash = "sha256:0bff5e0ae4ef2e1ae4fdf2dfd5b76c75e5c2fa4132d05fc1b0dabcd20c7e28c4", size = 23306 },
    { url = "https://files.pythonhosted.org/packages/9a/34/a15aa69f01e2181ed8d2b685c0d2f6655d5cca2c4db0ddea775e631918cd/MarkupSafe-3.0.2-cp311-cp311-win32.whl", hash = "sha256:6c89876f41da747c8d3677a2b540fb32ef5715f97b66eeb0c6b66f5e3ef6f59d", size = 15094 },
    { url = "https://files.pythonhosted.org/packages/da/b8/3a3bd761922d416f3dc5d00bfbed11f66b1ab89a0c2b6e887240a30b0f6b/MarkupSafe-3.0.2-cp311-cp311-win_amd64.whl", hash = "sha256:70a87b411535ccad5ef2f1df5136506a10775d267e197e4cf531ced10537bd6b", size = 15521 },
    { url = "https://files.pythonhosted.org/packages/22/09/d1f21434c97fc42f09d290cbb6350d44eb12f09cc62c9476effdb33a18aa/MarkupSafe-3.0.2-cp312-cp312-macosx_10_13_universal2.whl", hash = "sha256:9778bd8ab0a994ebf6f84c2b949e65736d5575320a17ae8984a77fab08db94cf", size = 14274 },
    { url = "https://files.pythonhosted.org/packages/6b/b0/18f76bba336fa5aecf79d45dcd6c806c280ec44538b3c13671d49099fdd0/MarkupSafe-3.0.2-cp312-cp312-macosx_11_0_arm64.whl", hash = "sha256:846ade7b71e3536c4e56b386c2a47adf5741d2d8b94ec9dc3e92e5e1ee1e2225", size = 12348 },
    { url = "https://files.pythonhosted.org/packages/e0/25/dd5c0f6ac1311e9b40f4af06c78efde0f3b5cbf02502f8ef9501294c425b/MarkupSafe-3.0.2-cp312-cp312-manylinux_2_17_aarch64.manylinux2014_aarch64.whl", hash = "sha256:1c99d261bd2d5f6b59325c92c73df481e05e57f19837bdca8413b9eac4bd8028", size = 24149 },
    { url = "https://files.pythonhosted.org/packages/f3/f0/89e7aadfb3749d0f52234a0c8c7867877876e0a20b60e2188e9850794c17/MarkupSafe-3.0.2-cp312-cp312-manylinux_2_17_x86_64.manylinux2014_x86_64.whl", hash = "sha256:e17c96c14e19278594aa4841ec148115f9c7615a47382ecb6b82bd8fea3ab0c8", size = 23118 },
    { url = "https://files.pythonhosted.org/packages/d5/da/f2eeb64c723f5e3777bc081da884b414671982008c47dcc1873d81f625b6/MarkupSafe-3.0.2-cp312-cp312-manylinux_2_5_i686.manylinux1_i686.manylinux_2_17_i686.manylinux2014_i686.whl", hash = "sha256:88416bd1e65dcea10bc7569faacb2c20ce071dd1f87539ca2ab364bf6231393c", size = 22993 },
    { url = "https://files.pythonhosted.org/packages/da/0e/1f32af846df486dce7c227fe0f2398dc7e2e51d4a370508281f3c1c5cddc/MarkupSafe-3.0.2-cp312-cp312-musllinux_1_2_aarch64.whl", hash = "sha256:2181e67807fc2fa785d0592dc2d6206c019b9502410671cc905d132a92866557", size = 24178 },
    { url = "https://files.pythonhosted.org/packages/c4/f6/bb3ca0532de8086cbff5f06d137064c8410d10779c4c127e0e47d17c0b71/MarkupSafe-3.0.2-cp312-cp312-musllinux_1_2_i686.whl", hash = "sha256:52305740fe773d09cffb16f8ed0427942901f00adedac82ec8b67752f58a1b22", size = 23319 },
    { url = "https://files.pythonhosted.org/packages/a2/82/8be4c96ffee03c5b4a034e60a31294daf481e12c7c43ab8e34a1453ee48b/MarkupSafe-3.0.2-cp312-cp312-musllinux_1_2_x86_64.whl", hash = "sha256:ad10d3ded218f1039f11a75f8091880239651b52e9bb592ca27de44eed242a48", size = 23352 },
    { url = "https://files.pythonhosted.org/packages/51/ae/97827349d3fcffee7e184bdf7f41cd6b88d9919c80f0263ba7acd1bbcb18/MarkupSafe-3.0.2-cp312-cp312-win32.whl", hash = "sha256:0f4ca02bea9a23221c0182836703cbf8930c5e9454bacce27e767509fa286a30", size = 15097 },
    { url = "https://files.pythonhosted.org/packages/c1/80/a61f99dc3a936413c3ee4e1eecac96c0da5ed07ad56fd975f1a9da5bc630/MarkupSafe-3.0.2-cp312-cp312-win_amd64.whl", hash = "sha256:8e06879fc22a25ca47312fbe7c8264eb0b662f6db27cb2d3bbbc74b1df4b9b87", size = 15601 },
    { url = "https://files.pythonhosted.org/packages/83/0e/67eb10a7ecc77a0c2bbe2b0235765b98d164d81600746914bebada795e97/MarkupSafe-3.0.2-cp313-cp313-macosx_10_13_universal2.whl", hash = "sha256:ba9527cdd4c926ed0760bc301f6728ef34d841f405abf9d4f959c478421e4efd", size = 14274 },
    { url = "https://files.pythonhosted.org/packages/2b/6d/9409f3684d3335375d04e5f05744dfe7e9f120062c9857df4ab490a1031a/MarkupSafe-3.0.2-cp313-cp313-macosx_11_0_arm64.whl", hash = "sha256:f8b3d067f2e40fe93e1ccdd6b2e1d16c43140e76f02fb1319a05cf2b79d99430", size = 12352 },
    { url = "https://files.pythonhosted.org/packages/d2/f5/6eadfcd3885ea85fe2a7c128315cc1bb7241e1987443d78c8fe712d03091/MarkupSafe-3.0.2-cp313-cp313-manylinux_2_17_aarch64.manylinux2014_aarch64.whl", hash = "sha256:569511d3b58c8791ab4c2e1285575265991e6d8f8700c7be0e88f86cb0672094", size = 24122 },
    { url = "https://files.pythonhosted.org/packages/0c/91/96cf928db8236f1bfab6ce15ad070dfdd02ed88261c2afafd4b43575e9e9/MarkupSafe-3.0.2-cp313-cp313-manylinux_2_17_x86_64.manylinux2014_x86_64.whl", hash = "sha256:15ab75ef81add55874e7ab7055e9c397312385bd9ced94920f2802310c930396", size = 23085 },
    { url = "https://files.pythonhosted.org/packages/c2/cf/c9d56af24d56ea04daae7ac0940232d31d5a8354f2b457c6d856b2057d69/MarkupSafe-3.0.2-cp313-cp313-manylinux_2_5_i686.manylinux1_i686.manylinux_2_17_i686.manylinux2014_i686.whl", hash = "sha256:f3818cb119498c0678015754eba762e0d61e5b52d34c8b13d770f0719f7b1d79", size = 22978 },
    { url = "https://files.pythonhosted.org/packages/2a/9f/8619835cd6a711d6272d62abb78c033bda638fdc54c4e7f4272cf1c0962b/MarkupSafe-3.0.2-cp313-cp313-musllinux_1_2_aarch64.whl", hash = "sha256:cdb82a876c47801bb54a690c5ae105a46b392ac6099881cdfb9f6e95e4014c6a", size = 24208 },
    { url = "https://files.pythonhosted.org/packages/f9/bf/176950a1792b2cd2102b8ffeb5133e1ed984547b75db47c25a67d3359f77/MarkupSafe-3.0.2-cp313-cp313-musllinux_1_2_i686.whl", hash = "sha256:cabc348d87e913db6ab4aa100f01b08f481097838bdddf7c7a84b7575b7309ca", size = 23357 },
    { url = "https://files.pythonhosted.org/packages/ce/4f/9a02c1d335caabe5c4efb90e1b6e8ee944aa245c1aaaab8e8a618987d816/MarkupSafe-3.0.2-cp313-cp313-musllinux_1_2_x86_64.whl", hash = "sha256:444dcda765c8a838eaae23112db52f1efaf750daddb2d9ca300bcae1039adc5c", size = 23344 },
    { url = "https://files.pythonhosted.org/packages/ee/55/c271b57db36f748f0e04a759ace9f8f759ccf22b4960c270c78a394f58be/MarkupSafe-3.0.2-cp313-cp313-win32.whl", hash = "sha256:bcf3e58998965654fdaff38e58584d8937aa3096ab5354d493c77d1fdd66d7a1", size = 15101 },
    { url = "https://files.pythonhosted.org/packages/29/88/07df22d2dd4df40aba9f3e402e6dc1b8ee86297dddbad4872bd5e7b0094f/MarkupSafe-3.0.2-cp313-cp313-win_amd64.whl", hash = "sha256:e6a2a455bd412959b57a172ce6328d2dd1f01cb2135efda2e4576e8a23fa3b0f", size = 15603 },
    { url = "https://files.pythonhosted.org/packages/62/6a/8b89d24db2d32d433dffcd6a8779159da109842434f1dd2f6e71f32f738c/MarkupSafe-3.0.2-cp313-cp313t-macosx_10_13_universal2.whl", hash = "sha256:b5a6b3ada725cea8a5e634536b1b01c30bcdcd7f9c6fff4151548d5bf6b3a36c", size = 14510 },
    { url = "https://files.pythonhosted.org/packages/7a/06/a10f955f70a2e5a9bf78d11a161029d278eeacbd35ef806c3fd17b13060d/MarkupSafe-3.0.2-cp313-cp313t-macosx_11_0_arm64.whl", hash = "sha256:a904af0a6162c73e3edcb969eeeb53a63ceeb5d8cf642fade7d39e7963a22ddb", size = 12486 },
    { url = "https://files.pythonhosted.org/packages/34/cf/65d4a571869a1a9078198ca28f39fba5fbb910f952f9dbc5220afff9f5e6/MarkupSafe-3.0.2-cp313-cp313t-manylinux_2_17_aarch64.manylinux2014_aarch64.whl", hash = "sha256:4aa4e5faecf353ed117801a068ebab7b7e09ffb6e1d5e412dc852e0da018126c", size = 25480 },
    { url = "https://files.pythonhosted.org/packages/0c/e3/90e9651924c430b885468b56b3d597cabf6d72be4b24a0acd1fa0e12af67/MarkupSafe-3.0.2-cp313-cp313t-manylinux_2_17_x86_64.manylinux2014_x86_64.whl", hash = "sha256:c0ef13eaeee5b615fb07c9a7dadb38eac06a0608b41570d8ade51c56539e509d", size = 23914 },
    { url = "https://files.pythonhosted.org/packages/66/8c/6c7cf61f95d63bb866db39085150df1f2a5bd3335298f14a66b48e92659c/MarkupSafe-3.0.2-cp313-cp313t-manylinux_2_5_i686.manylinux1_i686.manylinux_2_17_i686.manylinux2014_i686.whl", hash = "sha256:d16a81a06776313e817c951135cf7340a3e91e8c1ff2fac444cfd75fffa04afe", size = 23796 },
    { url = "https://files.pythonhosted.org/packages/bb/35/cbe9238ec3f47ac9a7c8b3df7a808e7cb50fe149dc7039f5f454b3fba218/MarkupSafe-3.0.2-cp313-cp313t-musllinux_1_2_aarch64.whl", hash = "sha256:6381026f158fdb7c72a168278597a5e3a5222e83ea18f543112b2662a9b699c5", size = 25473 },
    { url = "https://files.pythonhosted.org/packages/e6/32/7621a4382488aa283cc05e8984a9c219abad3bca087be9ec77e89939ded9/MarkupSafe-3.0.2-cp313-cp313t-musllinux_1_2_i686.whl", hash = "sha256:3d79d162e7be8f996986c064d1c7c817f6df3a77fe3d6859f6f9e7be4b8c213a", size = 24114 },
    { url = "https://files.pythonhosted.org/packages/0d/80/0985960e4b89922cb5a0bac0ed39c5b96cbc1a536a99f30e8c220a996ed9/MarkupSafe-3.0.2-cp313-cp313t-musllinux_1_2_x86_64.whl", hash = "sha256:131a3c7689c85f5ad20f9f6fb1b866f402c445b220c19fe4308c0b147ccd2ad9", size = 24098 },
    { url = "https://files.pythonhosted.org/packages/82/78/fedb03c7d5380df2427038ec8d973587e90561b2d90cd472ce9254cf348b/MarkupSafe-3.0.2-cp313-cp313t-win32.whl", hash = "sha256:ba8062ed2cf21c07a9e295d5b8a2a5ce678b913b45fdf68c32d95d6c1291e0b6", size = 15208 },
    { url = "https://files.pythonhosted.org/packages/4f/65/6079a46068dfceaeabb5dcad6d674f5f5c61a6fa5673746f42a9f4c233b3/MarkupSafe-3.0.2-cp313-cp313t-win_amd64.whl", hash = "sha256:e444a31f8db13eb18ada366ab3cf45fd4b31e4db1236a4448f68778c1d1a5a2f", size = 15739 },
]

[[package]]
name = "pgai-quickstart"
version = "0.1.0"
source = { virtual = "." }
dependencies = [
    { name = "jinja2" },
    { name = "psycopg", extra = ["binary"] },
    { name = "questionary" },
    { name = "yaspin" },
]

[package.metadata]
requires-dist = [
    { name = "jinja2" },
    { name = "psycopg", extras = ["binary"] },
    { name = "questionary" },
    { name = "yaspin" },
]

[[package]]
name = "prompt-toolkit"
version = "3.0.50"
source = { registry = "https://pypi.org/simple" }
dependencies = [
    { name = "wcwidth" },
]
sdist = { url = "https://files.pythonhosted.org/packages/a1/e1/bd15cb8ffdcfeeb2bdc215de3c3cffca11408d829e4b8416dcfe71ba8854/prompt_toolkit-3.0.50.tar.gz", hash = "sha256:544748f3860a2623ca5cd6d2795e7a14f3d0e1c3c9728359013f79877fc89bab", size = 429087 }
wheels = [
    { url = "https://files.pythonhosted.org/packages/e4/ea/d836f008d33151c7a1f62caf3d8dd782e4d15f6a43897f64480c2b8de2ad/prompt_toolkit-3.0.50-py3-none-any.whl", hash = "sha256:9b6427eb19e479d98acff65196a307c555eb567989e6d88ebbb1b509d9779198", size = 387816 },
]

[[package]]
name = "psycopg"
version = "3.2.4"
source = { registry = "https://pypi.org/simple" }
dependencies = [
    { name = "typing-extensions", marker = "python_full_version < '3.13'" },
    { name = "tzdata", marker = "sys_platform == 'win32'" },
]
sdist = { url = "https://files.pythonhosted.org/packages/e0/f2/954b1467b3e2ca5945b83b5e320268be1f4df486c3e8ffc90f4e4b707979/psycopg-3.2.4.tar.gz", hash = "sha256:f26f1346d6bf1ef5f5ef1714dd405c67fb365cfd1c6cea07de1792747b167b92", size = 156109 }
wheels = [
    { url = "https://files.pythonhosted.org/packages/40/49/15114d5f7ee68983f4e1a24d47e75334568960352a07c6f0e796e912685d/psycopg-3.2.4-py3-none-any.whl", hash = "sha256:43665368ccd48180744cab26b74332f46b63b7e06e8ce0775547a3533883d381", size = 198716 },
]

[package.optional-dependencies]
binary = [
    { name = "psycopg-binary", marker = "implementation_name != 'pypy'" },
]

[[package]]
name = "psycopg-binary"
version = "3.2.4"
source = { registry = "https://pypi.org/simple" }
wheels = [
    { url = "https://files.pythonhosted.org/packages/ed/7b/6d7a4626b49e227125f8edf6f114dd8e9a9b22fc4f0abc3b2b0068d5f2bd/psycopg_binary-3.2.4-cp310-cp310-macosx_10_9_x86_64.whl", hash = "sha256:c716f75b5c0388fc5283b5124046292c727511dd8c6aa59ca2dc644b9a2ed0cd", size = 3862864 },
    { url = "https://files.pythonhosted.org/packages/2b/7b/bc0dbb8384997e1321ffb265f96e68ba8584c2af58229816c16809218bdf/psycopg_binary-3.2.4-cp310-cp310-macosx_11_0_arm64.whl", hash = "sha256:e2e8050347018f596a63f5dccbb92fb68bca52b13912cb8fc40184b24c0e534f", size = 3934048 },
    { url = "https://files.pythonhosted.org/packages/42/c0/8a8034650e4618efc8c0be32c30469933a1ddac1656525c0c6b2b2151736/psycopg_binary-3.2.4-cp310-cp310-manylinux_2_17_aarch64.manylinux2014_aarch64.whl", hash = "sha256:04171f9af9ab567c0fd339bac06f2c75836db839cebac5bd07824778dafa7f0e", size = 4516741 },
    { url = "https://files.pythonhosted.org/packages/b8/6c/714572fc7c59295498287b9b4b965e3b1d6ff5758c310535a2f02d159688/psycopg_binary-3.2.4-cp310-cp310-manylinux_2_17_i686.manylinux2014_i686.whl", hash = "sha256:e7ba7b2ff25a6405826f627fb7d0f1e06e5c08ae25ffabc74a5e9ec7b0a63b85", size = 4323332 },
    { url = "https://files.pythonhosted.org/packages/64/19/a807021e48719cf226a7b520fd0c9c741577ad8974ecd264efe03862d80c/psycopg_binary-3.2.4-cp310-cp310-manylinux_2_17_ppc64le.manylinux2014_ppc64le.whl", hash = "sha256:2e58eeba520d405b2ad72dffaafd04d0b592bef870e718bf37c261e89a75450a", size = 4569646 },
    { url = "https://files.pythonhosted.org/packages/67/78/70c515175c623bbc505d015ef1ee55b1ee4d0878985a95d4d6317fdd6894/psycopg_binary-3.2.4-cp310-cp310-manylinux_2_17_x86_64.manylinux2014_x86_64.whl", hash = "sha256:cb18cfbb1cfc8172786ceefd314f0faa05c40ea93b3db7194d0f6bbbbfedb42a", size = 4279629 },
    { url = "https://files.pythonhosted.org/packages/0f/02/8a0395ac8f69320ca26f4f7ec7fd16620671ba002072e01ed5fb13c29a38/psycopg_binary-3.2.4-cp310-cp310-musllinux_1_2_aarch64.whl", hash = "sha256:769804b4f753ddec9403183a6d4577d5b696fc49c2451421013fb06d6fa2f288", size = 3868189 },
    { url = "https://files.pythonhosted.org/packages/b9/a8/fa254c48513580c9cae242b5fac4af4dd1227178061a27a2eb260ff61a27/psycopg_binary-3.2.4-cp310-cp310-musllinux_1_2_i686.whl", hash = "sha256:7d4f0c9b01eb933ce35bb32a54205f48d7bc36bf455565afe269cabcb7973955", size = 3335018 },
    { url = "https://files.pythonhosted.org/packages/d6/c1/98c239f40851c67eb4813d6a7eb90b39f717de2fd48f23fe3121899eb70b/psycopg_binary-3.2.4-cp310-cp310-musllinux_1_2_ppc64le.whl", hash = "sha256:26aed7ff8691ba810de95718d3bc81a43fd48a4036c3641ef711eb5f71fc7106", size = 3432703 },
    { url = "https://files.pythonhosted.org/packages/91/08/5b6fa2247bf964ac14d10cff3f7163d901dd008b7b6300e13eace8394751/psycopg_binary-3.2.4-cp310-cp310-musllinux_1_2_x86_64.whl", hash = "sha256:8a4b65eaf44dfed0b47e6ebd392e88cd3cff62ea11652d92db6fefeb2608ed25", size = 3457676 },
    { url = "https://files.pythonhosted.org/packages/2f/55/79db2b10f87eb7a913b59bbcdd10f794c4c964141f2db31f8eb1f567c7d9/psycopg_binary-3.2.4-cp310-cp310-win_amd64.whl", hash = "sha256:a9fa48a2dc54c4e906d7dd781031d227d1b13966deff7e5ece5b037588643190", size = 2787324 },
    { url = "https://files.pythonhosted.org/packages/f3/9a/8013aa4ad4d76dfcf9b822da549d51aab96abfc77afc44b200ef295685dc/psycopg_binary-3.2.4-cp311-cp311-macosx_10_9_x86_64.whl", hash = "sha256:d092b0aa80b8c3ee0701a7252cbfb0bdb742e1f74aaf0c1a13ef22c05c9266ab", size = 3871518 },
    { url = "https://files.pythonhosted.org/packages/1e/65/2422036d0169e33e5f06d868a36235340f85e42afe153d59b0edf4b4210f/psycopg_binary-3.2.4-cp311-cp311-macosx_11_0_arm64.whl", hash = "sha256:3955381dacc6d15f3838d5f25445ee99f80882876a163f8de0c01ffc54aeef4a", size = 3938511 },
    { url = "https://files.pythonhosted.org/packages/bf/ab/4f6c815862d62d9d06353abfbf36fef69ad7e6ca0763eed1629f47579e83/psycopg_binary-3.2.4-cp311-cp311-manylinux_2_17_aarch64.manylinux2014_aarch64.whl", hash = "sha256:04144d1963aa3309247980f1a742b98e15f60d68ea9745143c433f99aaeb70d7", size = 4512971 },
    { url = "https://files.pythonhosted.org/packages/27/ef/0e5e9ea6122f61f9e0c4e70b7f7a28ef51404c98bbb32096ad99f79f85b5/psycopg_binary-3.2.4-cp311-cp311-manylinux_2_17_i686.manylinux2014_i686.whl", hash = "sha256:eac61931bc90c1c6fdc648452894d3a434a005ffefaf12819b4709548c894bf2", size = 4318297 },
    { url = "https://files.pythonhosted.org/packages/93/cd/05d71e4f2f7f69fd185d2ec44b66de13734ff70c426ead14523e206258bb/psycopg_binary-3.2.4-cp311-cp311-manylinux_2_17_ppc64le.manylinux2014_ppc64le.whl", hash = "sha256:c09b765960480c4586758a3c16f0ee0db6f7e2f31c88cccb5e7d7024215468cd", size = 4570696 },
    { url = "https://files.pythonhosted.org/packages/af/7c/f5099ad491f78ba491e56cd686b38b0737eb09a719e919661a9f8d08e754/psycopg_binary-3.2.4-cp311-cp311-manylinux_2_17_x86_64.manylinux2014_x86_64.whl", hash = "sha256:220de8efcc276e42ba7cc7ed613145b1274b6b5de321a1396fb6b6ce1758d34c", size = 4275069 },
    { url = "https://files.pythonhosted.org/packages/2d/95/a1a2f861d90f3394f98d032329a1e44a67c8d1f5bded0ec343b664c65ba5/psycopg_binary-3.2.4-cp311-cp311-musllinux_1_2_aarch64.whl", hash = "sha256:b558d3de315d18819ce477908e27518cbdd3275717c6193b58dde36f0443e167", size = 3865827 },
    { url = "https://files.pythonhosted.org/packages/ab/72/0b395ad2db2adc6009d2a1cdc2707b1764a3e870d6895cf92dc87e251aa9/psycopg_binary-3.2.4-cp311-cp311-musllinux_1_2_i686.whl", hash = "sha256:e3b4c9b9a112d43533f7dbdedbb1188107d4ddcd262e2a2af41b4de0caf7d053", size = 3329276 },
    { url = "https://files.pythonhosted.org/packages/ba/5d/8e9904664e5bae3852989a0f1b0517c781ff0a9cba64416ffa68952129ac/psycopg_binary-3.2.4-cp311-cp311-musllinux_1_2_ppc64le.whl", hash = "sha256:870df866f789bb641a350897c1751c293b9420f46be4eb366d190ff5f2f2ffd8", size = 3426059 },
    { url = "https://files.pythonhosted.org/packages/46/6a/9abc03e01c1cb97878e6e87d5ea9e3d925790b04fa03d72b2d6e3455f124/psycopg_binary-3.2.4-cp311-cp311-musllinux_1_2_x86_64.whl", hash = "sha256:89506e268fb95428fb0f8f7abe48032e66cf47390469e11a4fe989f7407a5d88", size = 3456766 },
    { url = "https://files.pythonhosted.org/packages/12/c5/1be474bfa7282aa9177c3e498eb641b1441724f0155953f3872c69deddf0/psycopg_binary-3.2.4-cp311-cp311-win_amd64.whl", hash = "sha256:7ddf1494cc3bf60761c01265c44dfc7a7fd63f21308c403c14f5dd91702df84d", size = 2790400 },
    { url = "https://files.pythonhosted.org/packages/48/f8/f30cf36bc9bc672894413f10f0498d5e81b0813c87f1b963d85e7c5cc9f1/psycopg_binary-3.2.4-cp312-cp312-macosx_10_13_x86_64.whl", hash = "sha256:3ac24b3d421127ebe8662eba2c1e149a12f0f5b6795e66c1811a3f59111456bb", size = 3852023 },
    { url = "https://files.pythonhosted.org/packages/2f/23/88a265ca4a35def6f53cb239e352bf52f01ea418f57f4272b3913ecd6fd2/psycopg_binary-3.2.4-cp312-cp312-macosx_11_0_arm64.whl", hash = "sha256:f702f36204127984dd212eb57bb328676abdfe8a56f179e408a806d5e520aa11", size = 3935919 },
    { url = "https://files.pythonhosted.org/packages/0f/2b/2ac3456208c255a6fad9fec4fea0e411e34a0b4b0ecd1e60c0ba36fb78c4/psycopg_binary-3.2.4-cp312-cp312-manylinux_2_17_aarch64.manylinux2014_aarch64.whl", hash = "sha256:610cd2013ee0849154fcff34b0cca17f720c91c7430ca094a61f1e5ff1d38e15", size = 4493108 },
    { url = "https://files.pythonhosted.org/packages/55/f5/725b786b7cf1b91f1afbe03545f0b14857c0a5cc03b4f8a6735ec289ff89/psycopg_binary-3.2.4-cp312-cp312-manylinux_2_17_i686.manylinux2014_i686.whl", hash = "sha256:95da59edd95f6b6488799c9710fafc2d5750e3ec6328ec991f7a9be04efe6886", size = 4300141 },
    { url = "https://files.pythonhosted.org/packages/09/80/72b3a1ec912b8be51e6af858fcd2a016d25145aca400e75bba6ab91025c4/psycopg_binary-3.2.4-cp312-cp312-manylinux_2_17_ppc64le.manylinux2014_ppc64le.whl", hash = "sha256:b71e98e3186f08473962e1ea4bfbc4387ecc398644b794cb112ad0a4276e3789", size = 4540559 },
    { url = "https://files.pythonhosted.org/packages/0b/8e/6cd6643f04e033bcdab008d5175c9356ade1eecff53fa4558d383dd9866c/psycopg_binary-3.2.4-cp312-cp312-manylinux_2_17_x86_64.manylinux2014_x86_64.whl", hash = "sha256:3ccf4f71c3a0d46bc74207bf7997f010a6586414161dd10f3dd026ec059942ef", size = 4253687 },
    { url = "https://files.pythonhosted.org/packages/85/47/50d93bef98d32eba1f7b95e3c4e671a7f59b1d0b9ed01fdb43e951d6012b/psycopg_binary-3.2.4-cp312-cp312-musllinux_1_2_aarch64.whl", hash = "sha256:244e1dd33b694792b7bc7a3d412a535ba39116218b07d8936b4591567f4121e9", size = 3842084 },
    { url = "https://files.pythonhosted.org/packages/2e/a0/2cf0dda5634d14219a24c05bc85cb928a5b2ea29684d167aebc974df016c/psycopg_binary-3.2.4-cp312-cp312-musllinux_1_2_i686.whl", hash = "sha256:f8dc8f4de5130c6278dd5e34b18ad8324a74658a7adb72d4e67ca97f9aeaaf3c", size = 3315357 },
    { url = "https://files.pythonhosted.org/packages/14/65/13b3dd91dd62f6e4ee3cb00bd24ab60a251592c03a8fb090c28057f21e38/psycopg_binary-3.2.4-cp312-cp312-musllinux_1_2_ppc64le.whl", hash = "sha256:c336e58a48061a9189d3ba8c19f00fe5d9570219e6f7f954b923ad5c33e5bc71", size = 3394512 },
    { url = "https://files.pythonhosted.org/packages/07/cc/90b5307ff833892c8985aefd73c1894b1a9d8b5df4965650e95636ba8161/psycopg_binary-3.2.4-cp312-cp312-musllinux_1_2_x86_64.whl", hash = "sha256:9633c5dc6796d11766d2475e62335b67e5f99f119f40ba1675c1d23208d7709d", size = 3431893 },
    { url = "https://files.pythonhosted.org/packages/40/dc/5ab8fec2fc2e0599fd7a60abe046c853477bbb7cd978b818f795c5423848/psycopg_binary-3.2.4-cp312-cp312-win_amd64.whl", hash = "sha256:295c25e56b430d786a475c5c2cef266b0b27c0a6fcaadf9d83a4cdcfb76f971f", size = 2778464 },
    { url = "https://files.pythonhosted.org/packages/25/e2/f56675aada063762f08559b6969e47e1313f269fc1682c16457c13da8186/psycopg_binary-3.2.4-cp313-cp313-macosx_10_13_x86_64.whl", hash = "sha256:81ab801c0d35830c876bf0d1edc8e7dd2f73aa2b04fe24eb812159c0b054d149", size = 3846854 },
    { url = "https://files.pythonhosted.org/packages/7b/8b/8c4a66b2b3db494367df0299535b7d2df78f303334228c517b8d00c411d5/psycopg_binary-3.2.4-cp313-cp313-macosx_11_0_arm64.whl", hash = "sha256:c09e02ce1124eb6638b3381df050a8cf88aedfad4522f939945cda49050a990c", size = 3932292 },
    { url = "https://files.pythonhosted.org/packages/84/e8/618d45f77cebce73d75497c95685a0902aea3783386d9335ce486c69e13a/psycopg_binary-3.2.4-cp313-cp313-manylinux_2_17_aarch64.manylinux2014_aarch64.whl", hash = "sha256:a249cdc6a5c2b5088a8677acba66b291e5237524739ab3d27498e1ef189312f5", size = 4493785 },
    { url = "https://files.pythonhosted.org/packages/c4/87/fc30318e6b97e723e017e7dc88d0f721bbfb749de1a6e414e52d4ac54c9a/psycopg_binary-3.2.4-cp313-cp313-manylinux_2_17_i686.manylinux2014_i686.whl", hash = "sha256:d2960ba8a5c0ad75e184f6d8bf76bdf023708999efe75fe4e13445136c1cd206", size = 4304874 },
    { url = "https://files.pythonhosted.org/packages/91/30/1d127e651c21cd77befaf361c7c3b9001bfff51ac38027e8fce598ba0701/psycopg_binary-3.2.4-cp313-cp313-manylinux_2_17_ppc64le.manylinux2014_ppc64le.whl", hash = "sha256:3dae2e50b0d3425c167eebbedc3553f7c811dbc0dbfc737b6877f68a03be7daf", size = 4541296 },
    { url = "https://files.pythonhosted.org/packages/0d/5e/22c824cb38745c1c744cec85d227190727c564afb75960ce0057ca15fd84/psycopg_binary-3.2.4-cp313-cp313-manylinux_2_17_x86_64.manylinux2014_x86_64.whl", hash = "sha256:03bf7ee7e0002c2cce43ecb923ec510358056eb2e44a96afaeb0424518f35206", size = 4255756 },
    { url = "https://files.pythonhosted.org/packages/b3/83/ae8783dec3f7e39df8a4056e4d383926ffec531970c0b415d48d9fd4a2c2/psycopg_binary-3.2.4-cp313-cp313-musllinux_1_2_aarch64.whl", hash = "sha256:5f5c85eeb63b1a8a6b026eef57f5da36ff215ce9a6a3bb8e20a409670d6cfbda", size = 3845918 },
    { url = "https://files.pythonhosted.org/packages/be/f7/fb7bffb0c4c45a5a82fe324e4f7b176075a4c5372e546a038858dd13c7ab/psycopg_binary-3.2.4-cp313-cp313-musllinux_1_2_i686.whl", hash = "sha256:8c7b95899d4d6d23c5cc46cb3419e8e6ca68d867509432ee1487042564a1ea55", size = 3315429 },
    { url = "https://files.pythonhosted.org/packages/81/a3/29f4993a239d6a3fb18ef8681d9990c007f5f73bdd2e21f65f07ac55ad6f/psycopg_binary-3.2.4-cp313-cp313-musllinux_1_2_ppc64le.whl", hash = "sha256:fa4acea9ca20a567c3872a5afab2084751530bb57b8fb6b52820d5c54e7c8c3b", size = 3399388 },
    { url = "https://files.pythonhosted.org/packages/25/5b/925171cbfa2e3d1ccb7f4c005d0d5db609ba796c1d08a23c42825b09c554/psycopg_binary-3.2.4-cp313-cp313-musllinux_1_2_x86_64.whl", hash = "sha256:5c487f35a1905bb15da927c1fc05f70f3d29f0e21fb4ba21d360a0da9c755f20", size = 3436702 },
    { url = "https://files.pythonhosted.org/packages/b6/47/25b2b85b8fcabf99bfa92b4b0d587894c01576bf0b2bf137c243d1eb1070/psycopg_binary-3.2.4-cp313-cp313-win_amd64.whl", hash = "sha256:80297c3a9f7b5a6afdb0d8f220661ccd796e5c9128c44b32c41267f7daefd37f", size = 2779196 },
]

[[package]]
name = "questionary"
version = "2.1.0"
source = { registry = "https://pypi.org/simple" }
dependencies = [
    { name = "prompt-toolkit" },
]
sdist = { url = "https://files.pythonhosted.org/packages/a8/b8/d16eb579277f3de9e56e5ad25280fab52fc5774117fb70362e8c2e016559/questionary-2.1.0.tar.gz", hash = "sha256:6302cdd645b19667d8f6e6634774e9538bfcd1aad9be287e743d96cacaf95587", size = 26775 }
wheels = [
    { url = "https://files.pythonhosted.org/packages/ad/3f/11dd4cd4f39e05128bfd20138faea57bec56f9ffba6185d276e3107ba5b2/questionary-2.1.0-py3-none-any.whl", hash = "sha256:44174d237b68bc828e4878c763a9ad6790ee61990e0ae72927694ead57bab8ec", size = 36747 },
]

[[package]]
name = "termcolor"
version = "2.3.0"
source = { registry = "https://pypi.org/simple" }
sdist = { url = "https://files.pythonhosted.org/packages/b8/85/147a0529b4e80b6b9d021ca8db3a820fcac53ec7374b87073d004aaf444c/termcolor-2.3.0.tar.gz", hash = "sha256:b5b08f68937f138fe92f6c089b99f1e2da0ae56c52b78bf7075fd95420fd9a5a", size = 12163 }
wheels = [
    { url = "https://files.pythonhosted.org/packages/67/e1/434566ffce04448192369c1a282931cf4ae593e91907558eaecd2e9f2801/termcolor-2.3.0-py3-none-any.whl", hash = "sha256:3afb05607b89aed0ffe25202399ee0867ad4d3cb4180d98aaf8eefa6a5f7d475", size = 6872 },
]

[[package]]
name = "typing-extensions"
version = "4.12.2"
source = { registry = "https://pypi.org/simple" }
sdist = { url = "https://files.pythonhosted.org/packages/df/db/f35a00659bc03fec321ba8bce9420de607a1d37f8342eee1863174c69557/typing_extensions-4.12.2.tar.gz", hash = "sha256:1a7ead55c7e559dd4dee8856e3a88b41225abfe1ce8df57b7c13915fe121ffb8", size = 85321 }
wheels = [
    { url = "https://files.pythonhosted.org/packages/26/9f/ad63fc0248c5379346306f8668cda6e2e2e9c95e01216d2b8ffd9ff037d0/typing_extensions-4.12.2-py3-none-any.whl", hash = "sha256:04e5ca0351e0f3f85c6853954072df659d0d13fac324d0072316b67d7794700d", size = 37438 },
]

[[package]]
name = "tzdata"
version = "2025.1"
source = { registry = "https://pypi.org/simple" }
sdist = { url = "https://files.pythonhosted.org/packages/43/0f/fa4723f22942480be4ca9527bbde8d43f6c3f2fe8412f00e7f5f6746bc8b/tzdata-2025.1.tar.gz", hash = "sha256:24894909e88cdb28bd1636c6887801df64cb485bd593f2fd83ef29075a81d694", size = 194950 }
wheels = [
    { url = "https://files.pythonhosted.org/packages/0f/dd/84f10e23edd882c6f968c21c2434fe67bd4a528967067515feca9e611e5e/tzdata-2025.1-py2.py3-none-any.whl", hash = "sha256:7e127113816800496f027041c570f50bcd464a020098a3b6b199517772303639", size = 346762 },
]

[[package]]
name = "wcwidth"
version = "0.2.13"
source = { registry = "https://pypi.org/simple" }
sdist = { url = "https://files.pythonhosted.org/packages/6c/63/53559446a878410fc5a5974feb13d31d78d752eb18aeba59c7fef1af7598/wcwidth-0.2.13.tar.gz", hash = "sha256:72ea0c06399eb286d978fdedb6923a9eb47e1c486ce63e9b4e64fc18303972b5", size = 101301 }
wheels = [
    { url = "https://files.pythonhosted.org/packages/fd/84/fd2ba7aafacbad3c4201d395674fc6348826569da3c0937e75505ead3528/wcwidth-0.2.13-py2.py3-none-any.whl", hash = "sha256:3da69048e4540d84af32131829ff948f1e022c1c6bdb8d6102117aac784f6859", size = 34166 },
]

[[package]]
name = "yaspin"
version = "3.1.0"
source = { registry = "https://pypi.org/simple" }
dependencies = [
    { name = "termcolor" },
]
sdist = { url = "https://files.pythonhosted.org/packages/07/3c/70df5034e6712fcc238b76f6afd1871de143a2a124d80ae2c377cde180f3/yaspin-3.1.0.tar.gz", hash = "sha256:7b97c7e257ec598f98cef9878e038bfa619ceb54ac31d61d8ead2b3128f8d7c7", size = 36791 }
wheels = [
    { url = "https://files.pythonhosted.org/packages/89/78/fa25b385d9f2c406719b5cf574a0980f5ccc6ea1f8411d56249f44acd3c2/yaspin-3.1.0-py3-none-any.whl", hash = "sha256:5e3d4dfb547d942cae6565718123f1ecfa93e745b7e51871ad2bbae839e71b73", size = 18629 },
]
